{
  "object": {
    "pins": [
      {
        "package": "SwiftToolbox",
        "repositoryURL": "https://github.com/igor1309/SwiftToolbox",
        "state": {
          "branch": null,
          "revision": "350aff79b4e1c98fa832bbfd38d70e191aba71ed",
          "version": "1.0.2"
        }
      },
      {
        "package": "TengizReportSP",
        "repositoryURL": "https://github.com/igor1309/TengizReportSP",
        "state": {
          "branch": null,
          "revision": "4a41c1221c3e4ece6093e5d13ae46a966f9b4f8c",
          "version": "1.0.2"
        }
      },
      {
        "package": "TextReports",
        "repositoryURL": "https://github.com/igor1309/TextReports",
        "state": {
          "branch": null,
          "revision": "fdd03c4bc6238291d3eee82281199121cfc259fa",
          "version": "1.0.2"
        }
      }
    ]
  },
  "version": 1
}
