{
  "object": {
    "pins": [
      {
        "package": "SwiftToolbox",
        "repositoryURL": "https://github.com/igor1309/SwiftToolbox",
        "state": {
          "branch": "main",
          "revision": "460b3205d12a86a6743b2f5616c7b8c671334000",
          "version": null
        }
      },
      {
        "package": "TengizReportSP",
        "repositoryURL": "https://github.com/igor1309/TengizReportSP",
        "state": {
          "branch": "main",
          "revision": "97b165d8f5613c0bf117964ce25df8d44731b236",
          "version": null
        }
      },
      {
        "package": "TextReports",
        "repositoryURL": "https://github.com/igor1309/TextReports",
        "state": {
          "branch": "main",
          "revision": "05d1e9832e32cbd81e99ccd85708e14099c1f642",
          "version": null
        }
      }
    ]
  },
  "version": 1
}
